
Microsoft Visual Studio Solution File, Format Version 12.00
# Visual Studio Version 16
VisualStudioVersion = 16.0.29020.237
MinimumVisualStudioVersion = 10.0.40219.1
Project("{FAE04EC0-301F-11D3-BF4B-00C04F79EFBC}") = "LPalindrome", "LPalindrome.csproj", "{EF6744BD-9F60-4E5C-97AE-E033CAB3C2F5}"
EndProject
Global
	GlobalSection(SolutionConfigurationPlatforms) = preSolution
		Debug|Any CPU = Debug|Any CPU
		Release|Any CPU = Release|Any CPU
	EndGlobalSection
	GlobalSection(ProjectConfigurationPlatforms) = postSolution
		{EF6744BD-9F60-4E5C-97AE-E033CAB3C2F5}.Debug|Any CPU.ActiveCfg = Debug|Any CPU
		{EF6744BD-9F60-4E5C-97AE-E033CAB3C2F5}.Debug|Any CPU.Build.0 = Debug|Any CPU
		{EF6744BD-9F60-4E5C-97AE-E033CAB3C2F5}.Release|Any CPU.ActiveCfg = Release|Any CPU
		{EF6744BD-9F60-4E5C-97AE-E033CAB3C2F5}.Release|Any CPU.Build.0 = Release|Any CPU
	EndGlobalSection
	GlobalSection(SolutionProperties) = preSolution
		HideSolutionNode = FALSE
	EndGlobalSection
	GlobalSection(ExtensibilityGlobals) = postSolution
		SolutionGuid = {281EE036-FF72-4BDE-94C3-15053688274D}
	EndGlobalSection
EndGlobal
