
Microsoft Visual Studio Solution File, Format Version 12.00
# Visual Studio Version 16
VisualStudioVersion = 16.0.29025.244
MinimumVisualStudioVersion = 10.0.40219.1
Project("{FAE04EC0-301F-11D3-BF4B-00C04F79EFBC}") = "interviewTestIQ", "interviewTestIQ.csproj", "{FA585579-226B-42E4-88F7-284A6FC70623}"
EndProject
Global
	GlobalSection(SolutionConfigurationPlatforms) = preSolution
		Debug|Any CPU = Debug|Any CPU
		Release|Any CPU = Release|Any CPU
	EndGlobalSection
	GlobalSection(ProjectConfigurationPlatforms) = postSolution
		{FA585579-226B-42E4-88F7-284A6FC70623}.Debug|Any CPU.ActiveCfg = Debug|Any CPU
		{FA585579-226B-42E4-88F7-284A6FC70623}.Debug|Any CPU.Build.0 = Debug|Any CPU
		{FA585579-226B-42E4-88F7-284A6FC70623}.Release|Any CPU.ActiveCfg = Release|Any CPU
		{FA585579-226B-42E4-88F7-284A6FC70623}.Release|Any CPU.Build.0 = Release|Any CPU
	EndGlobalSection
	GlobalSection(SolutionProperties) = preSolution
		HideSolutionNode = FALSE
	EndGlobalSection
	GlobalSection(ExtensibilityGlobals) = postSolution
		SolutionGuid = {4C00AA7A-C6BA-42D3-84C0-C84B377D4360}
	EndGlobalSection
EndGlobal
