
Microsoft Visual Studio Solution File, Format Version 12.00
# Visual Studio Version 16
VisualStudioVersion = 16.0.29020.237
MinimumVisualStudioVersion = 10.0.40219.1
Project("{FAE04EC0-301F-11D3-BF4B-00C04F79EFBC}") = "Addtwonumbers", "Addtwonumbers.csproj", "{61352FD3-D4AC-4EB4-8B04-1E3CF971EEBB}"
EndProject
Global
	GlobalSection(SolutionConfigurationPlatforms) = preSolution
		Debug|Any CPU = Debug|Any CPU
		Release|Any CPU = Release|Any CPU
	EndGlobalSection
	GlobalSection(ProjectConfigurationPlatforms) = postSolution
		{61352FD3-D4AC-4EB4-8B04-1E3CF971EEBB}.Debug|Any CPU.ActiveCfg = Debug|Any CPU
		{61352FD3-D4AC-4EB4-8B04-1E3CF971EEBB}.Debug|Any CPU.Build.0 = Debug|Any CPU
		{61352FD3-D4AC-4EB4-8B04-1E3CF971EEBB}.Release|Any CPU.ActiveCfg = Release|Any CPU
		{61352FD3-D4AC-4EB4-8B04-1E3CF971EEBB}.Release|Any CPU.Build.0 = Release|Any CPU
	EndGlobalSection
	GlobalSection(SolutionProperties) = preSolution
		HideSolutionNode = FALSE
	EndGlobalSection
	GlobalSection(ExtensibilityGlobals) = postSolution
		SolutionGuid = {D885CF71-1245-4BA2-8752-EA712D0B81AE}
	EndGlobalSection
EndGlobal
