
Microsoft Visual Studio Solution File, Format Version 12.00
# Visual Studio Version 16
VisualStudioVersion = 16.0.29123.88
MinimumVisualStudioVersion = 10.0.40219.1
Project("{FAE04EC0-301F-11D3-BF4B-00C04F79EFBC}") = "FlightDistance", "FlightDistance\FlightDistance.csproj", "{037A050F-D9BC-4245-A77F-A0EF9D15EFC0}"
EndProject
Global
	GlobalSection(SolutionConfigurationPlatforms) = preSolution
		Debug|Any CPU = Debug|Any CPU
		Release|Any CPU = Release|Any CPU
	EndGlobalSection
	GlobalSection(ProjectConfigurationPlatforms) = postSolution
		{037A050F-D9BC-4245-A77F-A0EF9D15EFC0}.Debug|Any CPU.ActiveCfg = Debug|Any CPU
		{037A050F-D9BC-4245-A77F-A0EF9D15EFC0}.Debug|Any CPU.Build.0 = Debug|Any CPU
		{037A050F-D9BC-4245-A77F-A0EF9D15EFC0}.Release|Any CPU.ActiveCfg = Release|Any CPU
		{037A050F-D9BC-4245-A77F-A0EF9D15EFC0}.Release|Any CPU.Build.0 = Release|Any CPU
	EndGlobalSection
	GlobalSection(SolutionProperties) = preSolution
		HideSolutionNode = FALSE
	EndGlobalSection
	GlobalSection(ExtensibilityGlobals) = postSolution
		SolutionGuid = {F961129C-BDB4-424D-9481-7A1A072FFCEC}
	EndGlobalSection
EndGlobal
