
Microsoft Visual Studio Solution File, Format Version 12.00
# Visual Studio Version 16
VisualStudioVersion = 16.0.29025.244
MinimumVisualStudioVersion = 10.0.40219.1
Project("{FAE04EC0-301F-11D3-BF4B-00C04F79EFBC}") = "RegularExpressionMatching", "RegularExpressionMatching.csproj", "{2AFCB3C1-B93C-48CA-9A07-EF37C4561F68}"
EndProject
Global
	GlobalSection(SolutionConfigurationPlatforms) = preSolution
		Debug|Any CPU = Debug|Any CPU
		Release|Any CPU = Release|Any CPU
	EndGlobalSection
	GlobalSection(ProjectConfigurationPlatforms) = postSolution
		{2AFCB3C1-B93C-48CA-9A07-EF37C4561F68}.Debug|Any CPU.ActiveCfg = Debug|Any CPU
		{2AFCB3C1-B93C-48CA-9A07-EF37C4561F68}.Debug|Any CPU.Build.0 = Debug|Any CPU
		{2AFCB3C1-B93C-48CA-9A07-EF37C4561F68}.Release|Any CPU.ActiveCfg = Release|Any CPU
		{2AFCB3C1-B93C-48CA-9A07-EF37C4561F68}.Release|Any CPU.Build.0 = Release|Any CPU
	EndGlobalSection
	GlobalSection(SolutionProperties) = preSolution
		HideSolutionNode = FALSE
	EndGlobalSection
	GlobalSection(ExtensibilityGlobals) = postSolution
		SolutionGuid = {A560C0F5-CDC0-406F-92BC-BA8603D9D610}
	EndGlobalSection
EndGlobal
