
Microsoft Visual Studio Solution File, Format Version 12.00
# Visual Studio Version 16
VisualStudioVersion = 16.0.29020.237
MinimumVisualStudioVersion = 10.0.40219.1
Project("{FAE04EC0-301F-11D3-BF4B-00C04F79EFBC}") = "Atoi", "Atoi.csproj", "{DFBD402A-FA71-4352-B095-DC56DDC1AAF7}"
EndProject
Global
	GlobalSection(SolutionConfigurationPlatforms) = preSolution
		Debug|Any CPU = Debug|Any CPU
		Release|Any CPU = Release|Any CPU
	EndGlobalSection
	GlobalSection(ProjectConfigurationPlatforms) = postSolution
		{DFBD402A-FA71-4352-B095-DC56DDC1AAF7}.Debug|Any CPU.ActiveCfg = Debug|Any CPU
		{DFBD402A-FA71-4352-B095-DC56DDC1AAF7}.Debug|Any CPU.Build.0 = Debug|Any CPU
		{DFBD402A-FA71-4352-B095-DC56DDC1AAF7}.Release|Any CPU.ActiveCfg = Release|Any CPU
		{DFBD402A-FA71-4352-B095-DC56DDC1AAF7}.Release|Any CPU.Build.0 = Release|Any CPU
	EndGlobalSection
	GlobalSection(SolutionProperties) = preSolution
		HideSolutionNode = FALSE
	EndGlobalSection
	GlobalSection(ExtensibilityGlobals) = postSolution
		SolutionGuid = {CE7FFEFF-F483-4E0B-8DFD-B614D76EF297}
	EndGlobalSection
EndGlobal
